  "version": "4.5.0",
      "version": "4.5.0",
        "@fortawesome/fontawesome-svg-core": "^6.7.2",
      "version": "6.7.2",
      "resolved": "https://registry.npmjs.org/@fortawesome/fontawesome-svg-core/-/fontawesome-svg-core-6.7.2.tgz",
      "integrity": "sha512-yxtOBWDrdi5DD5o1pmVdq3WMCvnobT0LU6R8RyyVXPvFRd2o79/0NCuQoCjNTeZz9EzA9xS3JxNWfv54RIHFEA==",
        "@fortawesome/fontawesome-common-types": "6.7.2"
    "node_modules/@fortawesome/fontawesome-svg-core/node_modules/@fortawesome/fontawesome-common-types": {
      "version": "6.7.2",
      "resolved": "https://registry.npmjs.org/@fortawesome/fontawesome-common-types/-/fontawesome-common-types-6.7.2.tgz",
      "integrity": "sha512-Zs+YeHUC5fkt7Mg1l6XTniei3k4bwG/yo3iFUtZWd/pMx9g3fdvkSK9E0FOC+++phXOka78uJcYb8JaFkW52Xg==",
      "license": "MIT",
      "engines": {
        "node": ">=6"
      }
    },
      "dev": true,
      "integrity": "sha512-SOSkfJDddaM7mak6cPEpswyTRnuRltl429hMraQEglW+OkovnCzsiszTmsrlY//qLFjCpQDFRvjdm2wA5pPm9w=="
      "integrity": "sha512-+wBOcIV5snwGgI2ya3u99D7/FJquOIniQT1IKyDsBmEgwvpxMNeS65Oib7OnE2d2aY+3BU4OiH+0Wchf8yk3Hw=="
      "version": "6.7.2",
      "resolved": "https://registry.npmjs.org/@fortawesome/fontawesome-svg-core/-/fontawesome-svg-core-6.7.2.tgz",
      "integrity": "sha512-yxtOBWDrdi5DD5o1pmVdq3WMCvnobT0LU6R8RyyVXPvFRd2o79/0NCuQoCjNTeZz9EzA9xS3JxNWfv54RIHFEA==",
        "@fortawesome/fontawesome-common-types": "6.7.2"
      },
      "dependencies": {
        "@fortawesome/fontawesome-common-types": {
          "version": "6.7.2",
          "resolved": "https://registry.npmjs.org/@fortawesome/fontawesome-common-types/-/fontawesome-common-types-6.7.2.tgz",
          "integrity": "sha512-Zs+YeHUC5fkt7Mg1l6XTniei3k4bwG/yo3iFUtZWd/pMx9g3fdvkSK9E0FOC+++phXOka78uJcYb8JaFkW52Xg=="
        }
      "integrity": "sha512-QPcGmICAPbGLGb6F/yNf/KzKqvFx8z5qx3D1yFqVAjoFmXK35EgyW+cJ57Te3CNsmzblwtzakLGFqHPqrfb4Tw=="
      "integrity": "sha512-7cqRjrY50b8QzRSYyhSpx4WRw2YuO0KKIGQEVk5J8uoz2BanawykgZGoWEqKm7pVIbzFDN0SpPcVV4IhOFkl8A=="
      "integrity": "sha512-uvK9dWeyCJl/3ocVnTOS6nlji/Knj8/tVqVX03UVTpdmTJYu/s4jtDd9Kvv0nRGE0CUSNW1UYAci7PYypjealg=="
          "integrity": "sha512-OGA1Bitg/dSJtI/c4dh90svzaUPt228kzFsUkJbtA2c964IqEAwWXeL9ZJi86xWv3j5SMqRvGULl7bA6cK0Bvg=="
          "integrity": "sha512-ulRWYWHvscPFc0QQXvyJjY6LIXU56f0h8pQFvhxiKk5V1fcI8gp9Ht9leVAhrVjzqMw0BgjspBINx9r6oyJUvQ=="
      "integrity": "sha512-rq9s+JNhf0IChjtDXxllJ7g41oZk5SlXtp0LHwyA5cejwn7vKmKp4pPri6YEePv2PU65sAsegbXtIinmDFDXgQ=="
      "integrity": "sha512-DCRfO/4nQ+89p/RK43i8Ezd41EqdGIU4ld7nGF8OQ14oc/we5rEntLCUa7+jrn3nn83BosfwZA0wb4pon2o8iQ=="
      "integrity": "sha512-5p6WTN0DdTGVQk6VjcEju19IgaHudalcfabD7yhDGeA6bcQnmL+CpveLJq/3hvfwd1aof6L386Ougkx6RfyMIQ=="
      "integrity": "sha512-WXiAc++qo7XcJ1ZnTYGtLxmBCVbddAml3CEXgWaBzNzLNoxtQ8AiGEFDMOhot9XjTCQbvP5E77Fj9Gk924f00Q=="
      "integrity": "sha512-8HLCdWgyoMguSO9o+aH+iuZ+aht+mzW0u3HIMzVu7Srrpv7EBBxTnrFlSCskwdY1+EOFQSm7uMJhNQHkdPcmjg=="
      "integrity": "sha512-14ZU30lH7n89oq+A4bWaJPnAG8a7ZTk7dKf48YAzMvJjQtjrgg5Dpk9f+LbjCF6bpx3RAGTeL13IXpKQYyRvlw=="
          "integrity": "sha512-6XQFvXTkbfUOZOKKILFG1PDK2NDQs4azKQl26T0YS5CxqWLgXajbPZ+h4gZekJyRqFU8pvnbAbbs/3TgRPy+GQ=="
      "integrity": "sha512-iXTCFcOmlWvw4+TOE8CLWj6yX1GwzT0Y6cUfHHZqWnSk144VmVIRcVGtUAzrLES7C798lmvnt02C7rxaOX1HNA=="
      "integrity": "sha512-N8oxZIdhY70npRv86IfF6Zaaps9RL3a37XRdq02WDroB3XZC1mXs6lA/zQ09ZYFWYJp/UjI80SKVpVa/xJOJJA=="
      "integrity": "sha512-+3NpwQEnRoIBtx4fyhblQDPgJI0H1IEIkX7ShLUjPGA7TtUTvI1oiKi3SR4oBR0hQhQR80l4WAe5RrXBwWMA8w=="
      "integrity": "sha512-RrBNcMHiFPcz/iqIj0n3wclzHXjwS7mzjBNWecKKVhNTIxQepIix6Il/wZCn2Cg5Y1ow2Qi84+eJrryFRWBEWw=="
      "integrity": "sha512-bD2Rww+hakJxD2/19uxc280Vh292DnRStLke2LDFavVtGd5fzOz09zIrHO3ZHlMkJFsvwx6IwiB4/932ftv0sQ=="
      "integrity": "sha512-nqXPXbso+1dcKDpPCXvwZyJILz+vSLqGGOnDrYHQYE+B8n9JTCekVLC65AfCpR4ggVyA/45Y0iR9LDyS2iI+zA=="
      "integrity": "sha512-1x6iXO4Qnv6Eb+YFdN5JdUzt4pAkxSp3aLAYPX93eQCyg/m7QFzXVWJHJVtoW48CI8HCXju4dSkhQZwoheL5mA=="
      "integrity": "sha512-5i3mjP6tU7QSn0jvb8I4hudTzHJqS8l00ORJnVwI2sYu0ihpj83Lv2YzfxunfxTZkscKvZu2F2w9LkwNBhj6xA=="
      "integrity": "sha512-COnHEHlYGTKipz4963safFAK9PaNTcCiXfPXMS/yxo8El+/AJL5ye8kMJf23lKSSGGPgqFQuInskIHVqGqTvSw=="
          "integrity": "sha512-PIJDIZKtokhof+9+60cpockVOq05sJzHCriyvaLBmEJixseQ1a5Kdov6fWZfWOu5SK9c+FhH1jU0tntLxRJYMA=="
      "integrity": "sha512-IBaDuHiShdZqmfc/TwHu6+d6k2ltNCf3AszxNmjJc1KUfXdEeRJOKyNvLmAHaarhzGmTSVygNdyu8/opXv2gaw=="
      "integrity": "sha512-llZ4PV1+EsWWZDt0BRils6gAxaxMoYP0Z3rlNivQy4xqUaiO1/PcRaIJ6CuzCci/koDsw5IzLOXEHlV4Yn+d9Q=="
      "integrity": "sha512-xkrzYPqa1ag2DP+2Q/kLKBmCIfEx49bVdgCCCcZf88oF+0NPEbkwYk3/s/C7Zy0mhM8k+hpdNkBLzxg8H0aWcg=="
      "integrity": "sha512-hjcS1mhfuyi4WW8IWtjP7brDrG2cuDZukyrYrSauoXGNgx0S7zceP07adYkJycEr56BOUTNPzbInooiN3fn1qw==",
      "dev": true
      "integrity": "sha512-fOrzIw2wstbAJuv8PC9Vg4XgwyTLEOdq4y/Z3IhVl8DAE4svRcgyEUvrEXu+BMNgMoc3YND6qLT61kkgEKXh7Q=="
      "integrity": "sha512-PElTlVMwpblvbNqQ82d2n6RjStvdSoNe9FG28kNfz3WiXilJm4DdNkEzRhCZuIDwY8U08WVihhGR5iRqAwfDiw=="
